
Microsoft Visual Studio Solution File, Format Version 12.00
# Visual Studio Version 17
VisualStudioVersion = 17.5.002.0
MinimumVisualStudioVersion = 10.0.40219.1
Project("{9A19103F-16F7-4668-BE54-9A1E7A4F7556}") = "BusquedaLineal", "BusquedaLineal.csproj", "{0587041C-3932-494A-9945-4A3F9085C1FC}"
EndProject
Global
	GlobalSection(SolutionConfigurationPlatforms) = preSolution
		Debug|Any CPU = Debug|Any CPU
		Release|Any CPU = Release|Any CPU
	EndGlobalSection
	GlobalSection(ProjectConfigurationPlatforms) = postSolution
		{0587041C-3932-494A-9945-4A3F9085C1FC}.Debug|Any CPU.ActiveCfg = Debug|Any CPU
		{0587041C-3932-494A-9945-4A3F9085C1FC}.Debug|Any CPU.Build.0 = Debug|Any CPU
		{0587041C-3932-494A-9945-4A3F9085C1FC}.Release|Any CPU.ActiveCfg = Release|Any CPU
		{0587041C-3932-494A-9945-4A3F9085C1FC}.Release|Any CPU.Build.0 = Release|Any CPU
	EndGlobalSection
	GlobalSection(SolutionProperties) = preSolution
		HideSolutionNode = FALSE
	EndGlobalSection
	GlobalSection(ExtensibilityGlobals) = postSolution
		SolutionGuid = {8213403F-C906-43E0-8329-B9AC144C7C97}
	EndGlobalSection
EndGlobal
