
Microsoft Visual Studio Solution File, Format Version 12.00
# Visual Studio Version 17
VisualStudioVersion = 17.9.34622.214
MinimumVisualStudioVersion = 10.0.40219.1
Project("{FAE04EC0-301F-11D3-BF4B-00C04F79EFBC}") = "POOPractice", "POOPractice\POOPractice.csproj", "{FC9E5855-16D1-4DD6-9733-7EB5D1D2AF80}"
EndProject
Global
	GlobalSection(SolutionConfigurationPlatforms) = preSolution
		Debug|Any CPU = Debug|Any CPU
		Release|Any CPU = Release|Any CPU
	EndGlobalSection
	GlobalSection(ProjectConfigurationPlatforms) = postSolution
		{FC9E5855-16D1-4DD6-9733-7EB5D1D2AF80}.Debug|Any CPU.ActiveCfg = Debug|Any CPU
		{FC9E5855-16D1-4DD6-9733-7EB5D1D2AF80}.Debug|Any CPU.Build.0 = Debug|Any CPU
		{FC9E5855-16D1-4DD6-9733-7EB5D1D2AF80}.Release|Any CPU.ActiveCfg = Release|Any CPU
		{FC9E5855-16D1-4DD6-9733-7EB5D1D2AF80}.Release|Any CPU.Build.0 = Release|Any CPU
	EndGlobalSection
	GlobalSection(SolutionProperties) = preSolution
		HideSolutionNode = FALSE
	EndGlobalSection
	GlobalSection(ExtensibilityGlobals) = postSolution
		SolutionGuid = {4BE6FC54-D6A8-4A98-834C-C923599DAB57}
	EndGlobalSection
EndGlobal
